{
  "name": "quotes-app",
  "version": "1.0.0",
  "lockfileVersion": 3,
  "requires": true,
  "packages": {
    "": {
      "name": "quotes-app",
      "version": "1.0.0",
      "license": "ISC",
      "dependencies": {
        "quotes-goodreads": "^0.0.8"
      }
    },
    "node_modules/lodash": {
      "version": "4.17.21",
      "resolved": "https://registry.npmjs.org/lodash/-/lodash-4.17.21.tgz",
      "integrity": "sha512-v2kDEe57lecTulaDIuNTPy3Ry4gLGJ6Z1O3vE1krgXZNrsQ+LFTGHVxVjcXPs17LhbZVGedAJv8XZ1tvj5FvSg=="
    },
    "node_modules/quotes-goodreads": {
      "version": "0.0.8",
      "resolved": "https://registry.npmjs.org/quotes-goodreads/-/quotes-goodreads-0.0.8.tgz",
      "integrity": "sha512-T08gRyURmbA1AGgpieLpRUFsiG+GmKPfj5DcGRHNZi3dvPX76mly0ALk/7Ddcs8nF5EXiL5GZ1XgJIEbevvtBA==",
      "dependencies": {
        "lodash": "^4.17.20"
      },
      "engines": {
        "node": ">= 10"
      }
    }
  }
}
